{
  "originHash" : "641f8d70761a315c8cabaa5b2d2e9d4686e69de8983425c5fd2f5aa115b63845",
  "pins" : [
    {
      "identity" : "actito-sdk-ios-in-house-releases",
      "kind" : "remoteSourceControl",
      "location" : "git@github.com:actito/actito-sdk-ios-in-house-releases.git",
      "state" : {
        "revision" : "ee54771c6313b18d5008466525b108b7bd61342a",
        "version" : "5.0.0-canary.4"
      }
    }
  ],
  "version" : 3
}
