Microsoft Visual Studio Solution File, Format Version 12.00
# Visual Studio Version 17
VisualStudioVersion = 17.5.2.0
MinimumVisualStudioVersion = 10.0.40219.1
Project("{FAE04EC0-301F-11D3-BF4B-00C04F79EFBC}") = "Actito.Inbox.Android", "Actito.Inbox.Android\Actito.Inbox.Android.csproj", "{B0267A1D-FC58-4291-DD9D-3978607C81E0}"
EndProject
Project("{FAE04EC0-301F-11D3-BF4B-00C04F79EFBC}") = "Actito.Inbox.Android.Binding", "Actito.Inbox.Android.Binding\Actito.Inbox.Android.Binding.csproj", "{226EB9DE-28FB-AC24-F982-B0D75A0763DA}"
EndProject
Project("{FAE04EC0-301F-11D3-BF4B-00C04F79EFBC}") = "Actito.Inbox.iOS", "Actito.Inbox.iOS\Actito.Inbox.iOS.csproj", "{078C086F-E9CF-BC82-77A6-584FC49C26F7}"
EndProject
Project("{FAE04EC0-301F-11D3-BF4B-00C04F79EFBC}") = "Actito.UserInbox", "Actito.UserInbox\Actito.UserInbox.csproj", "{45F7ADCF-549C-4A95-5C95-505F321C5C62}"
EndProject
Project("{FAE04EC0-301F-11D3-BF4B-00C04F79EFBC}") = "Actito.Build.Tasks", "Actito.Build.Tasks\Actito.Build.Tasks.csproj", "{10B87C69-F21B-9130-A8CF-8A96BD417034}"
EndProject
Project("{FAE04EC0-301F-11D3-BF4B-00C04F79EFBC}") = "Actito.Push", "Actito.Push\Actito.Push.csproj", "{0F7E80B4-20CD-EBA6-192A-C1A7116F8EF1}"
EndProject
Project("{FAE04EC0-301F-11D3-BF4B-00C04F79EFBC}") = "Actito.Inbox.iOS.Binding", "Actito.Inbox.iOS.Binding\Actito.Inbox.iOS.Binding.csproj", "{74FB48C5-4DAF-C977-36F3-4A91482E4429}"
EndProject
Project("{FAE04EC0-301F-11D3-BF4B-00C04F79EFBC}") = "Actito.Assets.iOS.Binding", "Actito.Assets.iOS.Binding\Actito.Assets.iOS.Binding.csproj", "{D3D774C4-F278-5E1B-A26B-8AFF954D98EE}"
EndProject
Project("{FAE04EC0-301F-11D3-BF4B-00C04F79EFBC}") = "Actito.Push.Android.Binding", "Actito.Push.Android.Binding\Actito.Push.Android.Binding.csproj", "{725022E1-3976-FC54-E8BE-555B97A84BA9}"
EndProject
Project("{FAE04EC0-301F-11D3-BF4B-00C04F79EFBC}") = "Actito.UserInbox.Core", "Actito.UserInbox.Core\Actito.UserInbox.Core.csproj", "{2BCC5058-E200-96D9-4028-DF2D884FFE90}"
EndProject
Project("{FAE04EC0-301F-11D3-BF4B-00C04F79EFBC}") = "Actito.NotificationServiceExtension.iOS.Binding", "Actito.NotificationServiceExtension.iOS.Binding\Actito.NotificationServiceExtension.iOS.Binding.csproj", "{4F0B6FE9-3EF7-6D75-4C83-9D194EB69AE0}"
EndProject
Project("{FAE04EC0-301F-11D3-BF4B-00C04F79EFBC}") = "Actito.UserInbox.Android", "Actito.UserInbox.Android\Actito.UserInbox.Android.csproj", "{DABBC2C9-4124-091D-74EF-9FE7868DBA9F}"
EndProject
Project("{FAE04EC0-301F-11D3-BF4B-00C04F79EFBC}") = "Actito.InAppMessaging.Core", "Actito.InAppMessaging.Core\Actito.InAppMessaging.Core.csproj", "{50723F01-C88E-F562-4E1B-BB966FECB542}"
EndProject
Project("{FAE04EC0-301F-11D3-BF4B-00C04F79EFBC}") = "Actito.Push.UI.Android.Binding", "Actito.Push.UI.Android.Binding\Actito.Push.UI.Android.Binding.csproj", "{190990BE-6B17-5199-E557-006E0A7D8631}"
EndProject
Project("{FAE04EC0-301F-11D3-BF4B-00C04F79EFBC}") = "Actito.Loyalty", "Actito.Loyalty\Actito.Loyalty.csproj", "{221F0973-A088-7DA2-7FC1-E04C04324162}"
EndProject
Project("{FAE04EC0-301F-11D3-BF4B-00C04F79EFBC}") = "Actito.InAppMessaging.iOS.Binding", "Actito.InAppMessaging.iOS.Binding\Actito.InAppMessaging.iOS.Binding.csproj", "{DB00135E-7C94-6F1D-B5F5-E1EE3EBD8A7E}"
EndProject
Project("{FAE04EC0-301F-11D3-BF4B-00C04F79EFBC}") = "Actito.Push.Android", "Actito.Push.Android\Actito.Push.Android.csproj", "{EFF10E10-A759-FF2A-5051-D048AE6B202A}"
EndProject
Project("{FAE04EC0-301F-11D3-BF4B-00C04F79EFBC}") = "Actito.InAppMessaging", "Actito.InAppMessaging\Actito.InAppMessaging.csproj", "{B2072AE3-12D4-5FF6-FBBC-744427C02253}"
EndProject
Project("{FAE04EC0-301F-11D3-BF4B-00C04F79EFBC}") = "Sample.NotificationServiceExtension", "Sample.NotificationServiceExtension\Sample.NotificationServiceExtension.csproj", "{CFE81D7A-D0C0-AD4B-88C2-70F3AF344040}"
EndProject
Project("{FAE04EC0-301F-11D3-BF4B-00C04F79EFBC}") = "Actito.Push.UI.iOS", "Actito.Push.UI.iOS\Actito.Push.UI.iOS.csproj", "{B59211EE-2A88-E7AD-2D25-37A80229BFF0}"
EndProject
Project("{FAE04EC0-301F-11D3-BF4B-00C04F79EFBC}") = "Actito.InAppMessaging.iOS", "Actito.InAppMessaging.iOS\Actito.InAppMessaging.iOS.csproj", "{17FCFBAD-1462-726B-B0BA-AD9E16EB0B22}"
EndProject
Project("{FAE04EC0-301F-11D3-BF4B-00C04F79EFBC}") = "Actito.InAppMessaging.Android.Binding", "Actito.InAppMessaging.Android.Binding\Actito.InAppMessaging.Android.Binding.csproj", "{73E08A4C-0393-F186-7EE9-E743BCEB6ACF}"
EndProject
Project("{FAE04EC0-301F-11D3-BF4B-00C04F79EFBC}") = "Actito.Assets.Core", "Actito.Assets.Core\Actito.Assets.Core.csproj", "{9A118B96-0531-B938-6606-88B9BE02C886}"
EndProject
Project("{FAE04EC0-301F-11D3-BF4B-00C04F79EFBC}") = "Actito.iOS.Binding", "Actito.iOS.Binding\Actito.iOS.Binding.csproj", "{B6C7B296-16C7-91D7-0CCB-1FBB823B8FD2}"
EndProject
Project("{FAE04EC0-301F-11D3-BF4B-00C04F79EFBC}") = "Actito.Geo.Android.Beacons", "Actito.Geo.Android.Beacons\Actito.Geo.Android.Beacons.csproj", "{CB679581-3785-EF71-20D0-F1A9C085B90E}"
EndProject
Project("{FAE04EC0-301F-11D3-BF4B-00C04F79EFBC}") = "Actito.Geo.Android", "Actito.Geo.Android\Actito.Geo.Android.csproj", "{A1953CF7-20EC-4591-631B-FA724CE736F6}"
EndProject
Project("{FAE04EC0-301F-11D3-BF4B-00C04F79EFBC}") = "Actito.Assets", "Actito.Assets\Actito.Assets.csproj", "{077DF558-0CF9-9208-240A-755FD5728E1E}"
EndProject
Project("{FAE04EC0-301F-11D3-BF4B-00C04F79EFBC}") = "Actito.Assets.Android", "Actito.Assets.Android\Actito.Assets.Android.csproj", "{96728FE5-6856-3706-A05C-3EF385C24031}"
EndProject
Project("{FAE04EC0-301F-11D3-BF4B-00C04F79EFBC}") = "Actito.Push.UI.Android", "Actito.Push.UI.Android\Actito.Push.UI.Android.csproj", "{196C6B72-1849-F8BF-6E2A-6698A6AF3B0D}"
EndProject
Project("{FAE04EC0-301F-11D3-BF4B-00C04F79EFBC}") = "Actito.Geo.Core", "Actito.Geo.Core\Actito.Geo.Core.csproj", "{3C0940B7-32A1-A9B6-0B97-779EC7DF9B4A}"
EndProject
Project("{FAE04EC0-301F-11D3-BF4B-00C04F79EFBC}") = "Actito.Push.Core", "Actito.Push.Core\Actito.Push.Core.csproj", "{EA72F919-76A3-C185-C556-FDA30675DB89}"
EndProject
Project("{FAE04EC0-301F-11D3-BF4B-00C04F79EFBC}") = "Actito.Inbox.Core", "Actito.Inbox.Core\Actito.Inbox.Core.csproj", "{2CF56542-52B2-254A-CAC3-544776AAED1C}"
EndProject
Project("{FAE04EC0-301F-11D3-BF4B-00C04F79EFBC}") = "Actito.Loyalty.iOS", "Actito.Loyalty.iOS\Actito.Loyalty.iOS.csproj", "{08E5E3EC-1925-E421-C30E-C66E409B0F77}"
EndProject
Project("{FAE04EC0-301F-11D3-BF4B-00C04F79EFBC}") = "Actito.Assets.iOS", "Actito.Assets.iOS\Actito.Assets.iOS.csproj", "{AFC2FF03-A8E7-A292-F17D-9672544D8C3F}"
EndProject
Project("{FAE04EC0-301F-11D3-BF4B-00C04F79EFBC}") = "Actito.Inbox", "Actito.Inbox\Actito.Inbox.csproj", "{638C552B-F6F1-0E21-DBBB-58A9C318C28E}"
EndProject
Project("{FAE04EC0-301F-11D3-BF4B-00C04F79EFBC}") = "Actito.Android", "Actito.Android\Actito.Android.csproj", "{9A133D3B-F026-BBBE-A4D8-01E47D63C952}"
EndProject
Project("{FAE04EC0-301F-11D3-BF4B-00C04F79EFBC}") = "Actito.Loyalty.Core", "Actito.Loyalty.Core\Actito.Loyalty.Core.csproj", "{77B2BF65-43A8-F95B-C3C1-CC9300B6B229}"
EndProject
Project("{FAE04EC0-301F-11D3-BF4B-00C04F79EFBC}") = "Actito", "Actito\Actito.csproj", "{4EF41159-D790-8C90-B373-98553D927B78}"
EndProject
Project("{FAE04EC0-301F-11D3-BF4B-00C04F79EFBC}") = "Actito.UserInbox.iOS.Binding", "Actito.UserInbox.iOS.Binding\Actito.UserInbox.iOS.Binding.csproj", "{2784AFE4-76B6-EA21-6595-760BE33DCAB7}"
EndProject
Project("{FAE04EC0-301F-11D3-BF4B-00C04F79EFBC}") = "Actito.Loyalty.iOS.Binding", "Actito.Loyalty.iOS.Binding\Actito.Loyalty.iOS.Binding.csproj", "{DBB81076-7752-5282-AC20-ABFF03646B97}"
EndProject
Project("{FAE04EC0-301F-11D3-BF4B-00C04F79EFBC}") = "Actito.Push.iOS", "Actito.Push.iOS\Actito.Push.iOS.csproj", "{C265AC57-B655-526C-D434-EB7FB65C37F1}"
EndProject
Project("{FAE04EC0-301F-11D3-BF4B-00C04F79EFBC}") = "Sample", "Sample\Sample.csproj", "{5A7F8005-C165-6259-8009-1115B9A95056}"
EndProject
Project("{FAE04EC0-301F-11D3-BF4B-00C04F79EFBC}") = "Actito.Core", "Actito.Core\Actito.Core.csproj", "{607A7383-A6B2-2F49-8DAD-717328A98563}"
EndProject
Project("{FAE04EC0-301F-11D3-BF4B-00C04F79EFBC}") = "Actito.Push.UI.iOS.Binding", "Actito.Push.UI.iOS.Binding\Actito.Push.UI.iOS.Binding.csproj", "{8C7F775F-41CB-45E7-13C0-FA25490E880C}"
EndProject
Project("{FAE04EC0-301F-11D3-BF4B-00C04F79EFBC}") = "Actito.UserInbox.iOS", "Actito.UserInbox.iOS\Actito.UserInbox.iOS.csproj", "{B3437940-E932-1D37-359F-D52D397F8413}"
EndProject
Project("{FAE04EC0-301F-11D3-BF4B-00C04F79EFBC}") = "Actito.Geo.iOS.Binding", "Actito.Geo.iOS.Binding\Actito.Geo.iOS.Binding.csproj", "{F4A2620C-9DDB-A544-3059-DFD282292E2D}"
EndProject
Project("{FAE04EC0-301F-11D3-BF4B-00C04F79EFBC}") = "Actito.Push.UI.Core", "Actito.Push.UI.Core\Actito.Push.UI.Core.csproj", "{3B90F75A-0F31-8D42-DFD7-5A2CC7604397}"
EndProject
Project("{FAE04EC0-301F-11D3-BF4B-00C04F79EFBC}") = "Actito.Assets.Android.Binding", "Actito.Assets.Android.Binding\Actito.Assets.Android.Binding.csproj", "{4B980F4E-8E25-F4F5-4CB0-8E4B6EA8A4B4}"
EndProject
Project("{FAE04EC0-301F-11D3-BF4B-00C04F79EFBC}") = "Actito.Push.UI", "Actito.Push.UI\Actito.Push.UI.csproj", "{56412F8A-3831-9A68-9E25-3BE4231B7357}"
EndProject
Project("{FAE04EC0-301F-11D3-BF4B-00C04F79EFBC}") = "Actito.NotificationServiceExtension.iOS", "Actito.NotificationServiceExtension.iOS\Actito.NotificationServiceExtension.iOS.csproj", "{265A42DF-393F-D2EB-28D4-00F0521E1075}"
EndProject
Project("{FAE04EC0-301F-11D3-BF4B-00C04F79EFBC}") = "Actito.Loyalty.Android.Binding", "Actito.Loyalty.Android.Binding\Actito.Loyalty.Android.Binding.csproj", "{A3B0CB08-09E7-25BA-2044-EAADC42CD82A}"
EndProject
Project("{FAE04EC0-301F-11D3-BF4B-00C04F79EFBC}") = "Actito.iOS", "Actito.iOS\Actito.iOS.csproj", "{711D1A03-AAB3-E7EE-B3DF-CCF754196F15}"
EndProject
Project("{FAE04EC0-301F-11D3-BF4B-00C04F79EFBC}") = "Actito.Push.iOS.Binding", "Actito.Push.iOS.Binding\Actito.Push.iOS.Binding.csproj", "{3546A5DE-5B5E-E333-7F2E-180E81C3C579}"
EndProject
Project("{FAE04EC0-301F-11D3-BF4B-00C04F79EFBC}") = "Actito.Geo.Android.Binding", "Actito.Geo.Android.Binding\Actito.Geo.Android.Binding.csproj", "{7B82D31F-BCF5-7DB7-D6E4-BF486696CA17}"
EndProject
Project("{FAE04EC0-301F-11D3-BF4B-00C04F79EFBC}") = "Actito.Android.Binding", "Actito.Android.Binding\Actito.Android.Binding.csproj", "{B5CD94B0-3892-7AAC-EA01-65D3E8965BA5}"
EndProject
Project("{FAE04EC0-301F-11D3-BF4B-00C04F79EFBC}") = "Actito.Geo.iOS", "Actito.Geo.iOS\Actito.Geo.iOS.csproj", "{C9983BD7-7D25-6883-F514-0B7932358058}"
EndProject
Project("{FAE04EC0-301F-11D3-BF4B-00C04F79EFBC}") = "Actito.UserInbox.Android.Binding", "Actito.UserInbox.Android.Binding\Actito.UserInbox.Android.Binding.csproj", "{956D0BE1-A986-F98A-939A-E0AADCA837F0}"
EndProject
Project("{FAE04EC0-301F-11D3-BF4B-00C04F79EFBC}") = "Actito.Loyalty.Android", "Actito.Loyalty.Android\Actito.Loyalty.Android.csproj", "{855129E9-AB70-0F0C-581C-988B935332E3}"
EndProject
Project("{FAE04EC0-301F-11D3-BF4B-00C04F79EFBC}") = "Actito.InAppMessaging.Android", "Actito.InAppMessaging.Android\Actito.InAppMessaging.Android.csproj", "{C91526B9-93CA-E12A-F63D-C9F3C5BF9844}"
EndProject
Project("{FAE04EC0-301F-11D3-BF4B-00C04F79EFBC}") = "Actito.Geo", "Actito.Geo\Actito.Geo.csproj", "{AB80182F-E266-852A-32BA-D6A77C88CC40}"
EndProject
Project("{FAE04EC0-301F-11D3-BF4B-00C04F79EFBC}") = "Sample.UserInbox", "Sample.UserInbox\Sample.UserInbox.csproj", "{FB62BB2E-7E9C-4D30-8629-77789A858DD3}"
EndProject
Project("{2150E333-8FDC-42A3-9474-1A3956D46DE8}") = "Actito", "Actito", "{10D5B817-B49D-420B-A30B-C0B4C45000BC}"
EndProject
Project("{2150E333-8FDC-42A3-9474-1A3956D46DE8}") = "Actito.Assets", "Actito.Assets", "{0D96E4F0-F942-4F2A-A5F5-B6360E7C4E86}"
EndProject
Project("{2150E333-8FDC-42A3-9474-1A3956D46DE8}") = "Actito.Geo", "Actito.Geo", "{12112469-ED30-46E8-A805-597815411BD3}"
EndProject
Project("{2150E333-8FDC-42A3-9474-1A3956D46DE8}") = "Actito.InAppMessaging", "Actito.InAppMessaging", "{D621D860-2E0D-46C9-9BBF-C527072D2996}"
EndProject
Project("{2150E333-8FDC-42A3-9474-1A3956D46DE8}") = "Actito.Inbox", "Actito.Inbox", "{9205AD19-7380-4B1B-9954-7618A6CADD23}"
EndProject
Project("{2150E333-8FDC-42A3-9474-1A3956D46DE8}") = "Actito.Loyalty", "Actito.Loyalty", "{CBDC3F7F-6739-4C01-B594-6F18F3D53307}"
EndProject
Project("{2150E333-8FDC-42A3-9474-1A3956D46DE8}") = "Actito.NotificationServiceExtension", "Actito.NotificationServiceExtension", "{AC0104B7-4E4B-4785-90C8-EF39D69D5ECF}"
EndProject
Project("{2150E333-8FDC-42A3-9474-1A3956D46DE8}") = "Actito.Push", "Actito.Push", "{E9D72BDA-B99E-489F-AC76-13C402A4F818}"
EndProject
Project("{2150E333-8FDC-42A3-9474-1A3956D46DE8}") = "Actito.Push.UI", "Actito.Push.UI", "{10BE4313-495B-48AB-A6E2-D6DA12371438}"
EndProject
Project("{2150E333-8FDC-42A3-9474-1A3956D46DE8}") = "Actito.UserInbox", "Actito.UserInbox", "{C0C005D1-229F-447C-A1AA-13B38BD06124}"
EndProject
Global
	GlobalSection(SolutionConfigurationPlatforms) = preSolution
		Debug|Any CPU = Debug|Any CPU
		Release|Any CPU = Release|Any CPU
	EndGlobalSection
	GlobalSection(ProjectConfigurationPlatforms) = postSolution
		{B0267A1D-FC58-4291-DD9D-3978607C81E0}.Debug|Any CPU.ActiveCfg = Debug|Any CPU
		{B0267A1D-FC58-4291-DD9D-3978607C81E0}.Debug|Any CPU.Build.0 = Debug|Any CPU
		{B0267A1D-FC58-4291-DD9D-3978607C81E0}.Release|Any CPU.ActiveCfg = Release|Any CPU
		{B0267A1D-FC58-4291-DD9D-3978607C81E0}.Release|Any CPU.Build.0 = Release|Any CPU
		{226EB9DE-28FB-AC24-F982-B0D75A0763DA}.Debug|Any CPU.ActiveCfg = Debug|Any CPU
		{226EB9DE-28FB-AC24-F982-B0D75A0763DA}.Debug|Any CPU.Build.0 = Debug|Any CPU
		{226EB9DE-28FB-AC24-F982-B0D75A0763DA}.Release|Any CPU.ActiveCfg = Release|Any CPU
		{226EB9DE-28FB-AC24-F982-B0D75A0763DA}.Release|Any CPU.Build.0 = Release|Any CPU
		{078C086F-E9CF-BC82-77A6-584FC49C26F7}.Debug|Any CPU.ActiveCfg = Debug|Any CPU
		{078C086F-E9CF-BC82-77A6-584FC49C26F7}.Debug|Any CPU.Build.0 = Debug|Any CPU
		{078C086F-E9CF-BC82-77A6-584FC49C26F7}.Release|Any CPU.ActiveCfg = Release|Any CPU
		{078C086F-E9CF-BC82-77A6-584FC49C26F7}.Release|Any CPU.Build.0 = Release|Any CPU
		{45F7ADCF-549C-4A95-5C95-505F321C5C62}.Debug|Any CPU.ActiveCfg = Debug|Any CPU
		{45F7ADCF-549C-4A95-5C95-505F321C5C62}.Debug|Any CPU.Build.0 = Debug|Any CPU
		{45F7ADCF-549C-4A95-5C95-505F321C5C62}.Release|Any CPU.ActiveCfg = Release|Any CPU
		{45F7ADCF-549C-4A95-5C95-505F321C5C62}.Release|Any CPU.Build.0 = Release|Any CPU
		{10B87C69-F21B-9130-A8CF-8A96BD417034}.Debug|Any CPU.ActiveCfg = Debug|Any CPU
		{10B87C69-F21B-9130-A8CF-8A96BD417034}.Debug|Any CPU.Build.0 = Debug|Any CPU
		{10B87C69-F21B-9130-A8CF-8A96BD417034}.Release|Any CPU.ActiveCfg = Release|Any CPU
		{10B87C69-F21B-9130-A8CF-8A96BD417034}.Release|Any CPU.Build.0 = Release|Any CPU
		{0F7E80B4-20CD-EBA6-192A-C1A7116F8EF1}.Debug|Any CPU.ActiveCfg = Debug|Any CPU
		{0F7E80B4-20CD-EBA6-192A-C1A7116F8EF1}.Debug|Any CPU.Build.0 = Debug|Any CPU
		{0F7E80B4-20CD-EBA6-192A-C1A7116F8EF1}.Release|Any CPU.ActiveCfg = Release|Any CPU
		{0F7E80B4-20CD-EBA6-192A-C1A7116F8EF1}.Release|Any CPU.Build.0 = Release|Any CPU
		{74FB48C5-4DAF-C977-36F3-4A91482E4429}.Debug|Any CPU.ActiveCfg = Debug|Any CPU
		{74FB48C5-4DAF-C977-36F3-4A91482E4429}.Debug|Any CPU.Build.0 = Debug|Any CPU
		{74FB48C5-4DAF-C977-36F3-4A91482E4429}.Release|Any CPU.ActiveCfg = Release|Any CPU
		{74FB48C5-4DAF-C977-36F3-4A91482E4429}.Release|Any CPU.Build.0 = Release|Any CPU
		{D3D774C4-F278-5E1B-A26B-8AFF954D98EE}.Debug|Any CPU.ActiveCfg = Debug|Any CPU
		{D3D774C4-F278-5E1B-A26B-8AFF954D98EE}.Debug|Any CPU.Build.0 = Debug|Any CPU
		{D3D774C4-F278-5E1B-A26B-8AFF954D98EE}.Release|Any CPU.ActiveCfg = Release|Any CPU
		{D3D774C4-F278-5E1B-A26B-8AFF954D98EE}.Release|Any CPU.Build.0 = Release|Any CPU
		{725022E1-3976-FC54-E8BE-555B97A84BA9}.Debug|Any CPU.ActiveCfg = Debug|Any CPU
		{725022E1-3976-FC54-E8BE-555B97A84BA9}.Debug|Any CPU.Build.0 = Debug|Any CPU
		{725022E1-3976-FC54-E8BE-555B97A84BA9}.Release|Any CPU.ActiveCfg = Release|Any CPU
		{725022E1-3976-FC54-E8BE-555B97A84BA9}.Release|Any CPU.Build.0 = Release|Any CPU
		{2BCC5058-E200-96D9-4028-DF2D884FFE90}.Debug|Any CPU.ActiveCfg = Debug|Any CPU
		{2BCC5058-E200-96D9-4028-DF2D884FFE90}.Debug|Any CPU.Build.0 = Debug|Any CPU
		{2BCC5058-E200-96D9-4028-DF2D884FFE90}.Release|Any CPU.ActiveCfg = Release|Any CPU
		{2BCC5058-E200-96D9-4028-DF2D884FFE90}.Release|Any CPU.Build.0 = Release|Any CPU
		{4F0B6FE9-3EF7-6D75-4C83-9D194EB69AE0}.Debug|Any CPU.ActiveCfg = Debug|Any CPU
		{4F0B6FE9-3EF7-6D75-4C83-9D194EB69AE0}.Debug|Any CPU.Build.0 = Debug|Any CPU
		{4F0B6FE9-3EF7-6D75-4C83-9D194EB69AE0}.Release|Any CPU.ActiveCfg = Release|Any CPU
		{4F0B6FE9-3EF7-6D75-4C83-9D194EB69AE0}.Release|Any CPU.Build.0 = Release|Any CPU
		{DABBC2C9-4124-091D-74EF-9FE7868DBA9F}.Debug|Any CPU.ActiveCfg = Debug|Any CPU
		{DABBC2C9-4124-091D-74EF-9FE7868DBA9F}.Debug|Any CPU.Build.0 = Debug|Any CPU
		{DABBC2C9-4124-091D-74EF-9FE7868DBA9F}.Release|Any CPU.ActiveCfg = Release|Any CPU
		{DABBC2C9-4124-091D-74EF-9FE7868DBA9F}.Release|Any CPU.Build.0 = Release|Any CPU
		{50723F01-C88E-F562-4E1B-BB966FECB542}.Debug|Any CPU.ActiveCfg = Debug|Any CPU
		{50723F01-C88E-F562-4E1B-BB966FECB542}.Debug|Any CPU.Build.0 = Debug|Any CPU
		{50723F01-C88E-F562-4E1B-BB966FECB542}.Release|Any CPU.ActiveCfg = Release|Any CPU
		{50723F01-C88E-F562-4E1B-BB966FECB542}.Release|Any CPU.Build.0 = Release|Any CPU
		{190990BE-6B17-5199-E557-006E0A7D8631}.Debug|Any CPU.ActiveCfg = Debug|Any CPU
		{190990BE-6B17-5199-E557-006E0A7D8631}.Debug|Any CPU.Build.0 = Debug|Any CPU
		{190990BE-6B17-5199-E557-006E0A7D8631}.Release|Any CPU.ActiveCfg = Release|Any CPU
		{190990BE-6B17-5199-E557-006E0A7D8631}.Release|Any CPU.Build.0 = Release|Any CPU
		{221F0973-A088-7DA2-7FC1-E04C04324162}.Debug|Any CPU.ActiveCfg = Debug|Any CPU
		{221F0973-A088-7DA2-7FC1-E04C04324162}.Debug|Any CPU.Build.0 = Debug|Any CPU
		{221F0973-A088-7DA2-7FC1-E04C04324162}.Release|Any CPU.ActiveCfg = Release|Any CPU
		{221F0973-A088-7DA2-7FC1-E04C04324162}.Release|Any CPU.Build.0 = Release|Any CPU
		{DB00135E-7C94-6F1D-B5F5-E1EE3EBD8A7E}.Debug|Any CPU.ActiveCfg = Debug|Any CPU
		{DB00135E-7C94-6F1D-B5F5-E1EE3EBD8A7E}.Debug|Any CPU.Build.0 = Debug|Any CPU
		{DB00135E-7C94-6F1D-B5F5-E1EE3EBD8A7E}.Release|Any CPU.ActiveCfg = Release|Any CPU
		{DB00135E-7C94-6F1D-B5F5-E1EE3EBD8A7E}.Release|Any CPU.Build.0 = Release|Any CPU
		{EFF10E10-A759-FF2A-5051-D048AE6B202A}.Debug|Any CPU.ActiveCfg = Debug|Any CPU
		{EFF10E10-A759-FF2A-5051-D048AE6B202A}.Debug|Any CPU.Build.0 = Debug|Any CPU
		{EFF10E10-A759-FF2A-5051-D048AE6B202A}.Release|Any CPU.ActiveCfg = Release|Any CPU
		{EFF10E10-A759-FF2A-5051-D048AE6B202A}.Release|Any CPU.Build.0 = Release|Any CPU
		{B2072AE3-12D4-5FF6-FBBC-744427C02253}.Debug|Any CPU.ActiveCfg = Debug|Any CPU
		{B2072AE3-12D4-5FF6-FBBC-744427C02253}.Debug|Any CPU.Build.0 = Debug|Any CPU
		{B2072AE3-12D4-5FF6-FBBC-744427C02253}.Release|Any CPU.ActiveCfg = Release|Any CPU
		{B2072AE3-12D4-5FF6-FBBC-744427C02253}.Release|Any CPU.Build.0 = Release|Any CPU
		{CFE81D7A-D0C0-AD4B-88C2-70F3AF344040}.Debug|Any CPU.ActiveCfg = Debug|Any CPU
		{CFE81D7A-D0C0-AD4B-88C2-70F3AF344040}.Debug|Any CPU.Build.0 = Debug|Any CPU
		{CFE81D7A-D0C0-AD4B-88C2-70F3AF344040}.Release|Any CPU.ActiveCfg = Release|Any CPU
		{CFE81D7A-D0C0-AD4B-88C2-70F3AF344040}.Release|Any CPU.Build.0 = Release|Any CPU
		{B59211EE-2A88-E7AD-2D25-37A80229BFF0}.Debug|Any CPU.ActiveCfg = Debug|Any CPU
		{B59211EE-2A88-E7AD-2D25-37A80229BFF0}.Debug|Any CPU.Build.0 = Debug|Any CPU
		{B59211EE-2A88-E7AD-2D25-37A80229BFF0}.Release|Any CPU.ActiveCfg = Release|Any CPU
		{B59211EE-2A88-E7AD-2D25-37A80229BFF0}.Release|Any CPU.Build.0 = Release|Any CPU
		{17FCFBAD-1462-726B-B0BA-AD9E16EB0B22}.Debug|Any CPU.ActiveCfg = Debug|Any CPU
		{17FCFBAD-1462-726B-B0BA-AD9E16EB0B22}.Debug|Any CPU.Build.0 = Debug|Any CPU
		{17FCFBAD-1462-726B-B0BA-AD9E16EB0B22}.Release|Any CPU.ActiveCfg = Release|Any CPU
		{17FCFBAD-1462-726B-B0BA-AD9E16EB0B22}.Release|Any CPU.Build.0 = Release|Any CPU
		{73E08A4C-0393-F186-7EE9-E743BCEB6ACF}.Debug|Any CPU.ActiveCfg = Debug|Any CPU
		{73E08A4C-0393-F186-7EE9-E743BCEB6ACF}.Debug|Any CPU.Build.0 = Debug|Any CPU
		{73E08A4C-0393-F186-7EE9-E743BCEB6ACF}.Release|Any CPU.ActiveCfg = Release|Any CPU
		{73E08A4C-0393-F186-7EE9-E743BCEB6ACF}.Release|Any CPU.Build.0 = Release|Any CPU
		{9A118B96-0531-B938-6606-88B9BE02C886}.Debug|Any CPU.ActiveCfg = Debug|Any CPU
		{9A118B96-0531-B938-6606-88B9BE02C886}.Debug|Any CPU.Build.0 = Debug|Any CPU
		{9A118B96-0531-B938-6606-88B9BE02C886}.Release|Any CPU.ActiveCfg = Release|Any CPU
		{9A118B96-0531-B938-6606-88B9BE02C886}.Release|Any CPU.Build.0 = Release|Any CPU
		{B6C7B296-16C7-91D7-0CCB-1FBB823B8FD2}.Debug|Any CPU.ActiveCfg = Debug|Any CPU
		{B6C7B296-16C7-91D7-0CCB-1FBB823B8FD2}.Debug|Any CPU.Build.0 = Debug|Any CPU
		{B6C7B296-16C7-91D7-0CCB-1FBB823B8FD2}.Release|Any CPU.ActiveCfg = Release|Any CPU
		{B6C7B296-16C7-91D7-0CCB-1FBB823B8FD2}.Release|Any CPU.Build.0 = Release|Any CPU
		{CB679581-3785-EF71-20D0-F1A9C085B90E}.Debug|Any CPU.ActiveCfg = Debug|Any CPU
		{CB679581-3785-EF71-20D0-F1A9C085B90E}.Debug|Any CPU.Build.0 = Debug|Any CPU
		{CB679581-3785-EF71-20D0-F1A9C085B90E}.Release|Any CPU.ActiveCfg = Release|Any CPU
		{CB679581-3785-EF71-20D0-F1A9C085B90E}.Release|Any CPU.Build.0 = Release|Any CPU
		{A1953CF7-20EC-4591-631B-FA724CE736F6}.Debug|Any CPU.ActiveCfg = Debug|Any CPU
		{A1953CF7-20EC-4591-631B-FA724CE736F6}.Debug|Any CPU.Build.0 = Debug|Any CPU
		{A1953CF7-20EC-4591-631B-FA724CE736F6}.Release|Any CPU.ActiveCfg = Release|Any CPU
		{A1953CF7-20EC-4591-631B-FA724CE736F6}.Release|Any CPU.Build.0 = Release|Any CPU
		{077DF558-0CF9-9208-240A-755FD5728E1E}.Debug|Any CPU.ActiveCfg = Debug|Any CPU
		{077DF558-0CF9-9208-240A-755FD5728E1E}.Debug|Any CPU.Build.0 = Debug|Any CPU
		{077DF558-0CF9-9208-240A-755FD5728E1E}.Release|Any CPU.ActiveCfg = Release|Any CPU
		{077DF558-0CF9-9208-240A-755FD5728E1E}.Release|Any CPU.Build.0 = Release|Any CPU
		{96728FE5-6856-3706-A05C-3EF385C24031}.Debug|Any CPU.ActiveCfg = Debug|Any CPU
		{96728FE5-6856-3706-A05C-3EF385C24031}.Debug|Any CPU.Build.0 = Debug|Any CPU
		{96728FE5-6856-3706-A05C-3EF385C24031}.Release|Any CPU.ActiveCfg = Release|Any CPU
		{96728FE5-6856-3706-A05C-3EF385C24031}.Release|Any CPU.Build.0 = Release|Any CPU
		{196C6B72-1849-F8BF-6E2A-6698A6AF3B0D}.Debug|Any CPU.ActiveCfg = Debug|Any CPU
		{196C6B72-1849-F8BF-6E2A-6698A6AF3B0D}.Debug|Any CPU.Build.0 = Debug|Any CPU
		{196C6B72-1849-F8BF-6E2A-6698A6AF3B0D}.Release|Any CPU.ActiveCfg = Release|Any CPU
		{196C6B72-1849-F8BF-6E2A-6698A6AF3B0D}.Release|Any CPU.Build.0 = Release|Any CPU
		{3C0940B7-32A1-A9B6-0B97-779EC7DF9B4A}.Debug|Any CPU.ActiveCfg = Debug|Any CPU
		{3C0940B7-32A1-A9B6-0B97-779EC7DF9B4A}.Debug|Any CPU.Build.0 = Debug|Any CPU
		{3C0940B7-32A1-A9B6-0B97-779EC7DF9B4A}.Release|Any CPU.ActiveCfg = Release|Any CPU
		{3C0940B7-32A1-A9B6-0B97-779EC7DF9B4A}.Release|Any CPU.Build.0 = Release|Any CPU
		{EA72F919-76A3-C185-C556-FDA30675DB89}.Debug|Any CPU.ActiveCfg = Debug|Any CPU
		{EA72F919-76A3-C185-C556-FDA30675DB89}.Debug|Any CPU.Build.0 = Debug|Any CPU
		{EA72F919-76A3-C185-C556-FDA30675DB89}.Release|Any CPU.ActiveCfg = Release|Any CPU
		{EA72F919-76A3-C185-C556-FDA30675DB89}.Release|Any CPU.Build.0 = Release|Any CPU
		{2CF56542-52B2-254A-CAC3-544776AAED1C}.Debug|Any CPU.ActiveCfg = Debug|Any CPU
		{2CF56542-52B2-254A-CAC3-544776AAED1C}.Debug|Any CPU.Build.0 = Debug|Any CPU
		{2CF56542-52B2-254A-CAC3-544776AAED1C}.Release|Any CPU.ActiveCfg = Release|Any CPU
		{2CF56542-52B2-254A-CAC3-544776AAED1C}.Release|Any CPU.Build.0 = Release|Any CPU
		{08E5E3EC-1925-E421-C30E-C66E409B0F77}.Debug|Any CPU.ActiveCfg = Debug|Any CPU
		{08E5E3EC-1925-E421-C30E-C66E409B0F77}.Debug|Any CPU.Build.0 = Debug|Any CPU
		{08E5E3EC-1925-E421-C30E-C66E409B0F77}.Release|Any CPU.ActiveCfg = Release|Any CPU
		{08E5E3EC-1925-E421-C30E-C66E409B0F77}.Release|Any CPU.Build.0 = Release|Any CPU
		{AFC2FF03-A8E7-A292-F17D-9672544D8C3F}.Debug|Any CPU.ActiveCfg = Debug|Any CPU
		{AFC2FF03-A8E7-A292-F17D-9672544D8C3F}.Debug|Any CPU.Build.0 = Debug|Any CPU
		{AFC2FF03-A8E7-A292-F17D-9672544D8C3F}.Release|Any CPU.ActiveCfg = Release|Any CPU
		{AFC2FF03-A8E7-A292-F17D-9672544D8C3F}.Release|Any CPU.Build.0 = Release|Any CPU
		{638C552B-F6F1-0E21-DBBB-58A9C318C28E}.Debug|Any CPU.ActiveCfg = Debug|Any CPU
		{638C552B-F6F1-0E21-DBBB-58A9C318C28E}.Debug|Any CPU.Build.0 = Debug|Any CPU
		{638C552B-F6F1-0E21-DBBB-58A9C318C28E}.Release|Any CPU.ActiveCfg = Release|Any CPU
		{638C552B-F6F1-0E21-DBBB-58A9C318C28E}.Release|Any CPU.Build.0 = Release|Any CPU
		{9A133D3B-F026-BBBE-A4D8-01E47D63C952}.Debug|Any CPU.ActiveCfg = Debug|Any CPU
		{9A133D3B-F026-BBBE-A4D8-01E47D63C952}.Debug|Any CPU.Build.0 = Debug|Any CPU
		{9A133D3B-F026-BBBE-A4D8-01E47D63C952}.Release|Any CPU.ActiveCfg = Release|Any CPU
		{9A133D3B-F026-BBBE-A4D8-01E47D63C952}.Release|Any CPU.Build.0 = Release|Any CPU
		{77B2BF65-43A8-F95B-C3C1-CC9300B6B229}.Debug|Any CPU.ActiveCfg = Debug|Any CPU
		{77B2BF65-43A8-F95B-C3C1-CC9300B6B229}.Debug|Any CPU.Build.0 = Debug|Any CPU
		{77B2BF65-43A8-F95B-C3C1-CC9300B6B229}.Release|Any CPU.ActiveCfg = Release|Any CPU
		{77B2BF65-43A8-F95B-C3C1-CC9300B6B229}.Release|Any CPU.Build.0 = Release|Any CPU
		{4EF41159-D790-8C90-B373-98553D927B78}.Debug|Any CPU.ActiveCfg = Debug|Any CPU
		{4EF41159-D790-8C90-B373-98553D927B78}.Debug|Any CPU.Build.0 = Debug|Any CPU
		{4EF41159-D790-8C90-B373-98553D927B78}.Release|Any CPU.ActiveCfg = Release|Any CPU
		{4EF41159-D790-8C90-B373-98553D927B78}.Release|Any CPU.Build.0 = Release|Any CPU
		{2784AFE4-76B6-EA21-6595-760BE33DCAB7}.Debug|Any CPU.ActiveCfg = Debug|Any CPU
		{2784AFE4-76B6-EA21-6595-760BE33DCAB7}.Debug|Any CPU.Build.0 = Debug|Any CPU
		{2784AFE4-76B6-EA21-6595-760BE33DCAB7}.Release|Any CPU.ActiveCfg = Release|Any CPU
		{2784AFE4-76B6-EA21-6595-760BE33DCAB7}.Release|Any CPU.Build.0 = Release|Any CPU
		{DBB81076-7752-5282-AC20-ABFF03646B97}.Debug|Any CPU.ActiveCfg = Debug|Any CPU
		{DBB81076-7752-5282-AC20-ABFF03646B97}.Debug|Any CPU.Build.0 = Debug|Any CPU
		{DBB81076-7752-5282-AC20-ABFF03646B97}.Release|Any CPU.ActiveCfg = Release|Any CPU
		{DBB81076-7752-5282-AC20-ABFF03646B97}.Release|Any CPU.Build.0 = Release|Any CPU
		{C265AC57-B655-526C-D434-EB7FB65C37F1}.Debug|Any CPU.ActiveCfg = Debug|Any CPU
		{C265AC57-B655-526C-D434-EB7FB65C37F1}.Debug|Any CPU.Build.0 = Debug|Any CPU
		{C265AC57-B655-526C-D434-EB7FB65C37F1}.Release|Any CPU.ActiveCfg = Release|Any CPU
		{C265AC57-B655-526C-D434-EB7FB65C37F1}.Release|Any CPU.Build.0 = Release|Any CPU
		{5A7F8005-C165-6259-8009-1115B9A95056}.Debug|Any CPU.ActiveCfg = Debug|Any CPU
		{5A7F8005-C165-6259-8009-1115B9A95056}.Debug|Any CPU.Build.0 = Debug|Any CPU
		{5A7F8005-C165-6259-8009-1115B9A95056}.Release|Any CPU.ActiveCfg = Release|Any CPU
		{5A7F8005-C165-6259-8009-1115B9A95056}.Release|Any CPU.Build.0 = Release|Any CPU
		{607A7383-A6B2-2F49-8DAD-717328A98563}.Debug|Any CPU.ActiveCfg = Debug|Any CPU
		{607A7383-A6B2-2F49-8DAD-717328A98563}.Debug|Any CPU.Build.0 = Debug|Any CPU
		{607A7383-A6B2-2F49-8DAD-717328A98563}.Release|Any CPU.ActiveCfg = Release|Any CPU
		{607A7383-A6B2-2F49-8DAD-717328A98563}.Release|Any CPU.Build.0 = Release|Any CPU
		{8C7F775F-41CB-45E7-13C0-FA25490E880C}.Debug|Any CPU.ActiveCfg = Debug|Any CPU
		{8C7F775F-41CB-45E7-13C0-FA25490E880C}.Debug|Any CPU.Build.0 = Debug|Any CPU
		{8C7F775F-41CB-45E7-13C0-FA25490E880C}.Release|Any CPU.ActiveCfg = Release|Any CPU
		{8C7F775F-41CB-45E7-13C0-FA25490E880C}.Release|Any CPU.Build.0 = Release|Any CPU
		{B3437940-E932-1D37-359F-D52D397F8413}.Debug|Any CPU.ActiveCfg = Debug|Any CPU
		{B3437940-E932-1D37-359F-D52D397F8413}.Debug|Any CPU.Build.0 = Debug|Any CPU
		{B3437940-E932-1D37-359F-D52D397F8413}.Release|Any CPU.ActiveCfg = Release|Any CPU
		{B3437940-E932-1D37-359F-D52D397F8413}.Release|Any CPU.Build.0 = Release|Any CPU
		{F4A2620C-9DDB-A544-3059-DFD282292E2D}.Debug|Any CPU.ActiveCfg = Debug|Any CPU
		{F4A2620C-9DDB-A544-3059-DFD282292E2D}.Debug|Any CPU.Build.0 = Debug|Any CPU
		{F4A2620C-9DDB-A544-3059-DFD282292E2D}.Release|Any CPU.ActiveCfg = Release|Any CPU
		{F4A2620C-9DDB-A544-3059-DFD282292E2D}.Release|Any CPU.Build.0 = Release|Any CPU
		{3B90F75A-0F31-8D42-DFD7-5A2CC7604397}.Debug|Any CPU.ActiveCfg = Debug|Any CPU
		{3B90F75A-0F31-8D42-DFD7-5A2CC7604397}.Debug|Any CPU.Build.0 = Debug|Any CPU
		{3B90F75A-0F31-8D42-DFD7-5A2CC7604397}.Release|Any CPU.ActiveCfg = Release|Any CPU
		{3B90F75A-0F31-8D42-DFD7-5A2CC7604397}.Release|Any CPU.Build.0 = Release|Any CPU
		{4B980F4E-8E25-F4F5-4CB0-8E4B6EA8A4B4}.Debug|Any CPU.ActiveCfg = Debug|Any CPU
		{4B980F4E-8E25-F4F5-4CB0-8E4B6EA8A4B4}.Debug|Any CPU.Build.0 = Debug|Any CPU
		{4B980F4E-8E25-F4F5-4CB0-8E4B6EA8A4B4}.Release|Any CPU.ActiveCfg = Release|Any CPU
		{4B980F4E-8E25-F4F5-4CB0-8E4B6EA8A4B4}.Release|Any CPU.Build.0 = Release|Any CPU
		{56412F8A-3831-9A68-9E25-3BE4231B7357}.Debug|Any CPU.ActiveCfg = Debug|Any CPU
		{56412F8A-3831-9A68-9E25-3BE4231B7357}.Debug|Any CPU.Build.0 = Debug|Any CPU
		{56412F8A-3831-9A68-9E25-3BE4231B7357}.Release|Any CPU.ActiveCfg = Release|Any CPU
		{56412F8A-3831-9A68-9E25-3BE4231B7357}.Release|Any CPU.Build.0 = Release|Any CPU
		{265A42DF-393F-D2EB-28D4-00F0521E1075}.Debug|Any CPU.ActiveCfg = Debug|Any CPU
		{265A42DF-393F-D2EB-28D4-00F0521E1075}.Debug|Any CPU.Build.0 = Debug|Any CPU
		{265A42DF-393F-D2EB-28D4-00F0521E1075}.Release|Any CPU.ActiveCfg = Release|Any CPU
		{265A42DF-393F-D2EB-28D4-00F0521E1075}.Release|Any CPU.Build.0 = Release|Any CPU
		{A3B0CB08-09E7-25BA-2044-EAADC42CD82A}.Debug|Any CPU.ActiveCfg = Debug|Any CPU
		{A3B0CB08-09E7-25BA-2044-EAADC42CD82A}.Debug|Any CPU.Build.0 = Debug|Any CPU
		{A3B0CB08-09E7-25BA-2044-EAADC42CD82A}.Release|Any CPU.ActiveCfg = Release|Any CPU
		{A3B0CB08-09E7-25BA-2044-EAADC42CD82A}.Release|Any CPU.Build.0 = Release|Any CPU
		{711D1A03-AAB3-E7EE-B3DF-CCF754196F15}.Debug|Any CPU.ActiveCfg = Debug|Any CPU
		{711D1A03-AAB3-E7EE-B3DF-CCF754196F15}.Debug|Any CPU.Build.0 = Debug|Any CPU
		{711D1A03-AAB3-E7EE-B3DF-CCF754196F15}.Release|Any CPU.ActiveCfg = Release|Any CPU
		{711D1A03-AAB3-E7EE-B3DF-CCF754196F15}.Release|Any CPU.Build.0 = Release|Any CPU
		{3546A5DE-5B5E-E333-7F2E-180E81C3C579}.Debug|Any CPU.ActiveCfg = Debug|Any CPU
		{3546A5DE-5B5E-E333-7F2E-180E81C3C579}.Debug|Any CPU.Build.0 = Debug|Any CPU
		{3546A5DE-5B5E-E333-7F2E-180E81C3C579}.Release|Any CPU.ActiveCfg = Release|Any CPU
		{3546A5DE-5B5E-E333-7F2E-180E81C3C579}.Release|Any CPU.Build.0 = Release|Any CPU
		{7B82D31F-BCF5-7DB7-D6E4-BF486696CA17}.Debug|Any CPU.ActiveCfg = Debug|Any CPU
		{7B82D31F-BCF5-7DB7-D6E4-BF486696CA17}.Debug|Any CPU.Build.0 = Debug|Any CPU
		{7B82D31F-BCF5-7DB7-D6E4-BF486696CA17}.Release|Any CPU.ActiveCfg = Release|Any CPU
		{7B82D31F-BCF5-7DB7-D6E4-BF486696CA17}.Release|Any CPU.Build.0 = Release|Any CPU
		{B5CD94B0-3892-7AAC-EA01-65D3E8965BA5}.Debug|Any CPU.ActiveCfg = Debug|Any CPU
		{B5CD94B0-3892-7AAC-EA01-65D3E8965BA5}.Debug|Any CPU.Build.0 = Debug|Any CPU
		{B5CD94B0-3892-7AAC-EA01-65D3E8965BA5}.Release|Any CPU.ActiveCfg = Release|Any CPU
		{B5CD94B0-3892-7AAC-EA01-65D3E8965BA5}.Release|Any CPU.Build.0 = Release|Any CPU
		{C9983BD7-7D25-6883-F514-0B7932358058}.Debug|Any CPU.ActiveCfg = Debug|Any CPU
		{C9983BD7-7D25-6883-F514-0B7932358058}.Debug|Any CPU.Build.0 = Debug|Any CPU
		{C9983BD7-7D25-6883-F514-0B7932358058}.Release|Any CPU.ActiveCfg = Release|Any CPU
		{C9983BD7-7D25-6883-F514-0B7932358058}.Release|Any CPU.Build.0 = Release|Any CPU
		{956D0BE1-A986-F98A-939A-E0AADCA837F0}.Debug|Any CPU.ActiveCfg = Debug|Any CPU
		{956D0BE1-A986-F98A-939A-E0AADCA837F0}.Debug|Any CPU.Build.0 = Debug|Any CPU
		{956D0BE1-A986-F98A-939A-E0AADCA837F0}.Release|Any CPU.ActiveCfg = Release|Any CPU
		{956D0BE1-A986-F98A-939A-E0AADCA837F0}.Release|Any CPU.Build.0 = Release|Any CPU
		{855129E9-AB70-0F0C-581C-988B935332E3}.Debug|Any CPU.ActiveCfg = Debug|Any CPU
		{855129E9-AB70-0F0C-581C-988B935332E3}.Debug|Any CPU.Build.0 = Debug|Any CPU
		{855129E9-AB70-0F0C-581C-988B935332E3}.Release|Any CPU.ActiveCfg = Release|Any CPU
		{855129E9-AB70-0F0C-581C-988B935332E3}.Release|Any CPU.Build.0 = Release|Any CPU
		{C91526B9-93CA-E12A-F63D-C9F3C5BF9844}.Debug|Any CPU.ActiveCfg = Debug|Any CPU
		{C91526B9-93CA-E12A-F63D-C9F3C5BF9844}.Debug|Any CPU.Build.0 = Debug|Any CPU
		{C91526B9-93CA-E12A-F63D-C9F3C5BF9844}.Release|Any CPU.ActiveCfg = Release|Any CPU
		{C91526B9-93CA-E12A-F63D-C9F3C5BF9844}.Release|Any CPU.Build.0 = Release|Any CPU
		{AB80182F-E266-852A-32BA-D6A77C88CC40}.Debug|Any CPU.ActiveCfg = Debug|Any CPU
		{AB80182F-E266-852A-32BA-D6A77C88CC40}.Debug|Any CPU.Build.0 = Debug|Any CPU
		{AB80182F-E266-852A-32BA-D6A77C88CC40}.Release|Any CPU.ActiveCfg = Release|Any CPU
		{AB80182F-E266-852A-32BA-D6A77C88CC40}.Release|Any CPU.Build.0 = Release|Any CPU
		{FB62BB2E-7E9C-4D30-8629-77789A858DD3}.Debug|Any CPU.ActiveCfg = Debug|Any CPU
		{FB62BB2E-7E9C-4D30-8629-77789A858DD3}.Debug|Any CPU.Build.0 = Debug|Any CPU
		{FB62BB2E-7E9C-4D30-8629-77789A858DD3}.Release|Any CPU.ActiveCfg = Release|Any CPU
		{FB62BB2E-7E9C-4D30-8629-77789A858DD3}.Release|Any CPU.Build.0 = Release|Any CPU
	EndGlobalSection
	GlobalSection(SolutionProperties) = preSolution
		HideSolutionNode = FALSE
	EndGlobalSection
	GlobalSection(ExtensibilityGlobals) = postSolution
		SolutionGuid = {9913E536-B351-4DDA-B7AD-BEF4240779C1}
	EndGlobalSection
	GlobalSection(NestedProjects) = preSolution
		{9A133D3B-F026-BBBE-A4D8-01E47D63C952} = {10D5B817-B49D-420B-A30B-C0B4C45000BC}
		{B5CD94B0-3892-7AAC-EA01-65D3E8965BA5} = {10D5B817-B49D-420B-A30B-C0B4C45000BC}
		{4EF41159-D790-8C90-B373-98553D927B78} = {10D5B817-B49D-420B-A30B-C0B4C45000BC}
		{711D1A03-AAB3-E7EE-B3DF-CCF754196F15} = {10D5B817-B49D-420B-A30B-C0B4C45000BC}
		{B6C7B296-16C7-91D7-0CCB-1FBB823B8FD2} = {10D5B817-B49D-420B-A30B-C0B4C45000BC}
		{607A7383-A6B2-2F49-8DAD-717328A98563} = {10D5B817-B49D-420B-A30B-C0B4C45000BC}
		{077DF558-0CF9-9208-240A-755FD5728E1E} = {0D96E4F0-F942-4F2A-A5F5-B6360E7C4E86}
		{96728FE5-6856-3706-A05C-3EF385C24031} = {0D96E4F0-F942-4F2A-A5F5-B6360E7C4E86}
		{4B980F4E-8E25-F4F5-4CB0-8E4B6EA8A4B4} = {0D96E4F0-F942-4F2A-A5F5-B6360E7C4E86}
		{9A118B96-0531-B938-6606-88B9BE02C886} = {0D96E4F0-F942-4F2A-A5F5-B6360E7C4E86}
		{AFC2FF03-A8E7-A292-F17D-9672544D8C3F} = {0D96E4F0-F942-4F2A-A5F5-B6360E7C4E86}
		{D3D774C4-F278-5E1B-A26B-8AFF954D98EE} = {0D96E4F0-F942-4F2A-A5F5-B6360E7C4E86}
		{AB80182F-E266-852A-32BA-D6A77C88CC40} = {12112469-ED30-46E8-A805-597815411BD3}
		{A1953CF7-20EC-4591-631B-FA724CE736F6} = {12112469-ED30-46E8-A805-597815411BD3}
		{CB679581-3785-EF71-20D0-F1A9C085B90E} = {12112469-ED30-46E8-A805-597815411BD3}
		{7B82D31F-BCF5-7DB7-D6E4-BF486696CA17} = {12112469-ED30-46E8-A805-597815411BD3}
		{3C0940B7-32A1-A9B6-0B97-779EC7DF9B4A} = {12112469-ED30-46E8-A805-597815411BD3}
		{C9983BD7-7D25-6883-F514-0B7932358058} = {12112469-ED30-46E8-A805-597815411BD3}
		{F4A2620C-9DDB-A544-3059-DFD282292E2D} = {12112469-ED30-46E8-A805-597815411BD3}
		{B2072AE3-12D4-5FF6-FBBC-744427C02253} = {D621D860-2E0D-46C9-9BBF-C527072D2996}
		{C91526B9-93CA-E12A-F63D-C9F3C5BF9844} = {D621D860-2E0D-46C9-9BBF-C527072D2996}
		{73E08A4C-0393-F186-7EE9-E743BCEB6ACF} = {D621D860-2E0D-46C9-9BBF-C527072D2996}
		{50723F01-C88E-F562-4E1B-BB966FECB542} = {D621D860-2E0D-46C9-9BBF-C527072D2996}
		{17FCFBAD-1462-726B-B0BA-AD9E16EB0B22} = {D621D860-2E0D-46C9-9BBF-C527072D2996}
		{DB00135E-7C94-6F1D-B5F5-E1EE3EBD8A7E} = {D621D860-2E0D-46C9-9BBF-C527072D2996}
		{638C552B-F6F1-0E21-DBBB-58A9C318C28E} = {9205AD19-7380-4B1B-9954-7618A6CADD23}
		{B0267A1D-FC58-4291-DD9D-3978607C81E0} = {9205AD19-7380-4B1B-9954-7618A6CADD23}
		{226EB9DE-28FB-AC24-F982-B0D75A0763DA} = {9205AD19-7380-4B1B-9954-7618A6CADD23}
		{2CF56542-52B2-254A-CAC3-544776AAED1C} = {9205AD19-7380-4B1B-9954-7618A6CADD23}
		{078C086F-E9CF-BC82-77A6-584FC49C26F7} = {9205AD19-7380-4B1B-9954-7618A6CADD23}
		{74FB48C5-4DAF-C977-36F3-4A91482E4429} = {9205AD19-7380-4B1B-9954-7618A6CADD23}
		{221F0973-A088-7DA2-7FC1-E04C04324162} = {CBDC3F7F-6739-4C01-B594-6F18F3D53307}
		{855129E9-AB70-0F0C-581C-988B935332E3} = {CBDC3F7F-6739-4C01-B594-6F18F3D53307}
		{A3B0CB08-09E7-25BA-2044-EAADC42CD82A} = {CBDC3F7F-6739-4C01-B594-6F18F3D53307}
		{77B2BF65-43A8-F95B-C3C1-CC9300B6B229} = {CBDC3F7F-6739-4C01-B594-6F18F3D53307}
		{08E5E3EC-1925-E421-C30E-C66E409B0F77} = {CBDC3F7F-6739-4C01-B594-6F18F3D53307}
		{DBB81076-7752-5282-AC20-ABFF03646B97} = {CBDC3F7F-6739-4C01-B594-6F18F3D53307}
		{265A42DF-393F-D2EB-28D4-00F0521E1075} = {AC0104B7-4E4B-4785-90C8-EF39D69D5ECF}
		{4F0B6FE9-3EF7-6D75-4C83-9D194EB69AE0} = {AC0104B7-4E4B-4785-90C8-EF39D69D5ECF}
		{0F7E80B4-20CD-EBA6-192A-C1A7116F8EF1} = {E9D72BDA-B99E-489F-AC76-13C402A4F818}
		{EFF10E10-A759-FF2A-5051-D048AE6B202A} = {E9D72BDA-B99E-489F-AC76-13C402A4F818}
		{725022E1-3976-FC54-E8BE-555B97A84BA9} = {E9D72BDA-B99E-489F-AC76-13C402A4F818}
		{EA72F919-76A3-C185-C556-FDA30675DB89} = {E9D72BDA-B99E-489F-AC76-13C402A4F818}
		{C265AC57-B655-526C-D434-EB7FB65C37F1} = {E9D72BDA-B99E-489F-AC76-13C402A4F818}
		{3546A5DE-5B5E-E333-7F2E-180E81C3C579} = {E9D72BDA-B99E-489F-AC76-13C402A4F818}
		{56412F8A-3831-9A68-9E25-3BE4231B7357} = {10BE4313-495B-48AB-A6E2-D6DA12371438}
		{196C6B72-1849-F8BF-6E2A-6698A6AF3B0D} = {10BE4313-495B-48AB-A6E2-D6DA12371438}
		{190990BE-6B17-5199-E557-006E0A7D8631} = {10BE4313-495B-48AB-A6E2-D6DA12371438}
		{3B90F75A-0F31-8D42-DFD7-5A2CC7604397} = {10BE4313-495B-48AB-A6E2-D6DA12371438}
		{B59211EE-2A88-E7AD-2D25-37A80229BFF0} = {10BE4313-495B-48AB-A6E2-D6DA12371438}
		{8C7F775F-41CB-45E7-13C0-FA25490E880C} = {10BE4313-495B-48AB-A6E2-D6DA12371438}
		{45F7ADCF-549C-4A95-5C95-505F321C5C62} = {C0C005D1-229F-447C-A1AA-13B38BD06124}
		{DABBC2C9-4124-091D-74EF-9FE7868DBA9F} = {C0C005D1-229F-447C-A1AA-13B38BD06124}
		{956D0BE1-A986-F98A-939A-E0AADCA837F0} = {C0C005D1-229F-447C-A1AA-13B38BD06124}
		{2BCC5058-E200-96D9-4028-DF2D884FFE90} = {C0C005D1-229F-447C-A1AA-13B38BD06124}
		{B3437940-E932-1D37-359F-D52D397F8413} = {C0C005D1-229F-447C-A1AA-13B38BD06124}
		{2784AFE4-76B6-EA21-6595-760BE33DCAB7} = {C0C005D1-229F-447C-A1AA-13B38BD06124}
	EndGlobalSection
EndGlobal
