{
  "originHash" : "05f6f0d4f465f2db8a9fff62a9fc57c0c7d2d1414784730ce02210bd40a8b90e",
  "pins" : [
    {
      "identity" : "actito-sdk-ios",
      "kind" : "remoteSourceControl",
      "location" : "https://github.com/actito/actito-sdk-ios",
      "state" : {
        "revision" : "33e62c1babd26c17d1642f0aa364dade87a654f4",
        "version" : "5.0.0-beta.1"
      }
    }
  ],
  "version" : 3
}
