{
  "originHash" : "05f6f0d4f465f2db8a9fff62a9fc57c0c7d2d1414784730ce02210bd40a8b90e",
  "pins" : [
    {
      "identity" : "actito-sdk-ios",
      "kind" : "remoteSourceControl",
      "location" : "https://github.com/actito/actito-sdk-ios",
      "state" : {
        "revision" : "383c3c31a534a2d8f2db79b08779e285049462d0",
        "version" : "5.2.0"
      }
    }
  ],
  "version" : 3
}
